// !$*UTF8*$!
{
	archiveVersion = 1;
	classes = {
	};
	objectVersion = 56;
	objects = {

/* Begin PBXBuildFile section */
		0686FD1C567400917E2045F4 /* Pods_DigioTestTests.framework in Frameworks */ = {isa = PBXBuildFile; fileRef = FAF3453744E3E8108FC3CA78 /* Pods_DigioTestTests.framework */; };
		3026CE111056B50E4BF04E2D /* Pods_DigioTest_DigioTestUITests.framework in Frameworks */ = {isa = PBXBuildFile; fileRef = 8D77DCC1F52DD7FE0AA14B72 /* Pods_DigioTest_DigioTestUITests.framework */; };
		7060721934167CFE80F139A5 /* Pods_DigioTest.framework in Frameworks */ = {isa = PBXBuildFile; fileRef = 8BEA08DE29EE5038859267B6 /* Pods_DigioTest.framework */; };
		C68BD29F2977760400ADF757 /* Home.swift in Sources */ = {isa = PBXBuildFile; fileRef = C68BD29E2977760400ADF757 /* Home.swift */; };
		C68BD2A12977768B00ADF757 /* Common.swift in Sources */ = {isa = PBXBuildFile; fileRef = C68BD2A02977768B00ADF757 /* Common.swift */; };
		C68BD2A4297776BE00ADF757 /* ImageLoader.swift in Sources */ = {isa = PBXBuildFile; fileRef = C68BD2A3297776BE00ADF757 /* ImageLoader.swift */; };
		C68BD2A72978644A00ADF757 /* SquareBannerCell.xib in Resources */ = {isa = PBXBuildFile; fileRef = C68BD2A529781A1500ADF757 /* SquareBannerCell.xib */; };
		C68BD2A82978644A00ADF757 /* SquareBannerCell.swift in Sources */ = {isa = PBXBuildFile; fileRef = C68BD2A629781A1500ADF757 /* SquareBannerCell.swift */; };
		C6BF71D42971E1DC00ECDE21 /* AppDelegate.swift in Sources */ = {isa = PBXBuildFile; fileRef = C6BF71D32971E1DC00ECDE21 /* AppDelegate.swift */; };
		C6BF71D82971E1DC00ECDE21 /* HomeViewController.swift in Sources */ = {isa = PBXBuildFile; fileRef = C6BF71D72971E1DC00ECDE21 /* HomeViewController.swift */; };
		C6BF71DB2971E1DC00ECDE21 /* Home.storyboard in Resources */ = {isa = PBXBuildFile; fileRef = C6BF71D92971E1DC00ECDE21 /* Home.storyboard */; };
		C6BF71DD2971E1DD00ECDE21 /* Assets.xcassets in Resources */ = {isa = PBXBuildFile; fileRef = C6BF71DC2971E1DD00ECDE21 /* Assets.xcassets */; };
		C6BF71E02971E1DD00ECDE21 /* LaunchScreen.storyboard in Resources */ = {isa = PBXBuildFile; fileRef = C6BF71DE2971E1DD00ECDE21 /* LaunchScreen.storyboard */; };
		C6BF71EB2971E1DD00ECDE21 /* DigioTestTests.swift in Sources */ = {isa = PBXBuildFile; fileRef = C6BF71EA2971E1DD00ECDE21 /* DigioTestTests.swift */; };
		C6BF71F52971E1DD00ECDE21 /* DigioTestUITests.swift in Sources */ = {isa = PBXBuildFile; fileRef = C6BF71F42971E1DD00ECDE21 /* DigioTestUITests.swift */; };
		C6BF71F72971E1DD00ECDE21 /* DigioTestUITestsLaunchTests.swift in Sources */ = {isa = PBXBuildFile; fileRef = C6BF71F62971E1DD00ECDE21 /* DigioTestUITestsLaunchTests.swift */; };
		C6BF72092971E68900ECDE21 /* HomeInteractor.swift in Sources */ = {isa = PBXBuildFile; fileRef = C6BF72082971E68900ECDE21 /* HomeInteractor.swift */; };
		C6BF720B2971E69700ECDE21 /* HomePresenter.swift in Sources */ = {isa = PBXBuildFile; fileRef = C6BF720A2971E69700ECDE21 /* HomePresenter.swift */; };
		C6BF720D2971E6A800ECDE21 /* HomeRouter.swift in Sources */ = {isa = PBXBuildFile; fileRef = C6BF720C2971E6A800ECDE21 /* HomeRouter.swift */; };
		C6BF72152971E7ED00ECDE21 /* Banner.swift in Sources */ = {isa = PBXBuildFile; fileRef = C6BF72142971E7ED00ECDE21 /* Banner.swift */; };
		C6BF721A2971E88D00ECDE21 /* HomeContent.swift in Sources */ = {isa = PBXBuildFile; fileRef = C6BF72192971E88D00ECDE21 /* HomeContent.swift */; };
		C6BF721E2971EB7F00ECDE21 /* HomeModels.swift in Sources */ = {isa = PBXBuildFile; fileRef = C6BF721D2971EB7F00ECDE21 /* HomeModels.swift */; };
		C6BF72232971FCDC00ECDE21 /* BannerGalleryCell.swift in Sources */ = {isa = PBXBuildFile; fileRef = C6BF72222971FCDC00ECDE21 /* BannerGalleryCell.swift */; };
		C6BF72252977117900ECDE21 /* HomeWorker.swift in Sources */ = {isa = PBXBuildFile; fileRef = C6BF72242977117900ECDE21 /* HomeWorker.swift */; };
		C6BF7229297711FC00ECDE21 /* Networking.swift in Sources */ = {isa = PBXBuildFile; fileRef = C6BF7228297711FC00ECDE21 /* Networking.swift */; };
		C6BF722B2977144300ECDE21 /* HTTPMethod.swift in Sources */ = {isa = PBXBuildFile; fileRef = C6BF722A2977144300ECDE21 /* HTTPMethod.swift */; };
		C6BF722D2977161C00ECDE21 /* Encoder.swift in Sources */ = {isa = PBXBuildFile; fileRef = C6BF722C2977161C00ECDE21 /* Encoder.swift */; };
		C6BF72322977655400ECDE21 /* RectangleBannerCell.xib in Resources */ = {isa = PBXBuildFile; fileRef = C6BF72312977655400ECDE21 /* RectangleBannerCell.xib */; };
		C6BF72342977656200ECDE21 /* RectangleBannerCell.swift in Sources */ = {isa = PBXBuildFile; fileRef = C6BF72332977656200ECDE21 /* RectangleBannerCell.swift */; };
/* End PBXBuildFile section */

/* Begin PBXContainerItemProxy section */
		C6BF71E72971E1DD00ECDE21 /* PBXContainerItemProxy */ = {
			isa = PBXContainerItemProxy;
			containerPortal = C6BF71C82971E1DC00ECDE21 /* Project object */;
			proxyType = 1;
			remoteGlobalIDString = C6BF71CF2971E1DC00ECDE21;
			remoteInfo = DigioTest;
		};
		C6BF71F12971E1DD00ECDE21 /* PBXContainerItemProxy */ = {
			isa = PBXContainerItemProxy;
			containerPortal = C6BF71C82971E1DC00ECDE21 /* Project object */;
			proxyType = 1;
			remoteGlobalIDString = C6BF71CF2971E1DC00ECDE21;
			remoteInfo = DigioTest;
		};
/* End PBXContainerItemProxy section */

/* Begin PBXFileReference section */
		442FDAE45E2692CBE7859AA2 /* Pods-DigioTestTests.release.xcconfig */ = {isa = PBXFileReference; includeInIndex = 1; lastKnownFileType = text.xcconfig; name = "Pods-DigioTestTests.release.xcconfig"; path = "Target Support Files/Pods-DigioTestTests/Pods-DigioTestTests.release.xcconfig"; sourceTree = "<group>"; };
		5C2056BEA1995B04A96D43FC /* Pods-DigioTest-DigioTestUITests.release.xcconfig */ = {isa = PBXFileReference; includeInIndex = 1; lastKnownFileType = text.xcconfig; name = "Pods-DigioTest-DigioTestUITests.release.xcconfig"; path = "Target Support Files/Pods-DigioTest-DigioTestUITests/Pods-DigioTest-DigioTestUITests.release.xcconfig"; sourceTree = "<group>"; };
		872A323C2B208C75D66B3337 /* Pods-DigioTest.debug.xcconfig */ = {isa = PBXFileReference; includeInIndex = 1; lastKnownFileType = text.xcconfig; name = "Pods-DigioTest.debug.xcconfig"; path = "Target Support Files/Pods-DigioTest/Pods-DigioTest.debug.xcconfig"; sourceTree = "<group>"; };
		8BEA08DE29EE5038859267B6 /* Pods_DigioTest.framework */ = {isa = PBXFileReference; explicitFileType = wrapper.framework; includeInIndex = 0; path = Pods_DigioTest.framework; sourceTree = BUILT_PRODUCTS_DIR; };
		8D77DCC1F52DD7FE0AA14B72 /* Pods_DigioTest_DigioTestUITests.framework */ = {isa = PBXFileReference; explicitFileType = wrapper.framework; includeInIndex = 0; path = Pods_DigioTest_DigioTestUITests.framework; sourceTree = BUILT_PRODUCTS_DIR; };
		9DB279AC57C10E8C619428FD /* Pods-DigioTest-DigioTestUITests.debug.xcconfig */ = {isa = PBXFileReference; includeInIndex = 1; lastKnownFileType = text.xcconfig; name = "Pods-DigioTest-DigioTestUITests.debug.xcconfig"; path = "Target Support Files/Pods-DigioTest-DigioTestUITests/Pods-DigioTest-DigioTestUITests.debug.xcconfig"; sourceTree = "<group>"; };
		BF848E261EC7AFFCE1AEFCD6 /* Pods-DigioTest.release.xcconfig */ = {isa = PBXFileReference; includeInIndex = 1; lastKnownFileType = text.xcconfig; name = "Pods-DigioTest.release.xcconfig"; path = "Target Support Files/Pods-DigioTest/Pods-DigioTest.release.xcconfig"; sourceTree = "<group>"; };
		C68BD29E2977760400ADF757 /* Home.swift */ = {isa = PBXFileReference; lastKnownFileType = sourcecode.swift; path = Home.swift; sourceTree = "<group>"; };
		C68BD2A02977768B00ADF757 /* Common.swift */ = {isa = PBXFileReference; lastKnownFileType = sourcecode.swift; path = Common.swift; sourceTree = "<group>"; };
		C68BD2A3297776BE00ADF757 /* ImageLoader.swift */ = {isa = PBXFileReference; lastKnownFileType = sourcecode.swift; path = ImageLoader.swift; sourceTree = "<group>"; };
		C68BD2A529781A1500ADF757 /* SquareBannerCell.xib */ = {isa = PBXFileReference; lastKnownFileType = file.xib; path = SquareBannerCell.xib; sourceTree = "<group>"; };
		C68BD2A629781A1500ADF757 /* SquareBannerCell.swift */ = {isa = PBXFileReference; lastKnownFileType = sourcecode.swift; path = SquareBannerCell.swift; sourceTree = "<group>"; };
		C6BF71D02971E1DC00ECDE21 /* DigioTest.app */ = {isa = PBXFileReference; explicitFileType = wrapper.application; includeInIndex = 0; path = DigioTest.app; sourceTree = BUILT_PRODUCTS_DIR; };
		C6BF71D32971E1DC00ECDE21 /* AppDelegate.swift */ = {isa = PBXFileReference; lastKnownFileType = sourcecode.swift; path = AppDelegate.swift; sourceTree = "<group>"; };
		C6BF71D72971E1DC00ECDE21 /* HomeViewController.swift */ = {isa = PBXFileReference; lastKnownFileType = sourcecode.swift; path = HomeViewController.swift; sourceTree = "<group>"; };
		C6BF71DA2971E1DC00ECDE21 /* Base */ = {isa = PBXFileReference; lastKnownFileType = file.storyboard; name = Base; path = Base.lproj/Home.storyboard; sourceTree = "<group>"; };
		C6BF71DC2971E1DD00ECDE21 /* Assets.xcassets */ = {isa = PBXFileReference; lastKnownFileType = folder.assetcatalog; path = Assets.xcassets; sourceTree = "<group>"; };
		C6BF71DF2971E1DD00ECDE21 /* Base */ = {isa = PBXFileReference; lastKnownFileType = file.storyboard; name = Base; path = Base.lproj/LaunchScreen.storyboard; sourceTree = "<group>"; };
		C6BF71E12971E1DD00ECDE21 /* Info.plist */ = {isa = PBXFileReference; lastKnownFileType = text.plist.xml; path = Info.plist; sourceTree = "<group>"; };
		C6BF71E62971E1DD00ECDE21 /* DigioTestTests.xctest */ = {isa = PBXFileReference; explicitFileType = wrapper.cfbundle; includeInIndex = 0; path = DigioTestTests.xctest; sourceTree = BUILT_PRODUCTS_DIR; };
		C6BF71EA2971E1DD00ECDE21 /* DigioTestTests.swift */ = {isa = PBXFileReference; lastKnownFileType = sourcecode.swift; path = DigioTestTests.swift; sourceTree = "<group>"; };
		C6BF71F02971E1DD00ECDE21 /* DigioTestUITests.xctest */ = {isa = PBXFileReference; explicitFileType = wrapper.cfbundle; includeInIndex = 0; path = DigioTestUITests.xctest; sourceTree = BUILT_PRODUCTS_DIR; };
		C6BF71F42971E1DD00ECDE21 /* DigioTestUITests.swift */ = {isa = PBXFileReference; lastKnownFileType = sourcecode.swift; path = DigioTestUITests.swift; sourceTree = "<group>"; };
		C6BF71F62971E1DD00ECDE21 /* DigioTestUITestsLaunchTests.swift */ = {isa = PBXFileReference; lastKnownFileType = sourcecode.swift; path = DigioTestUITestsLaunchTests.swift; sourceTree = "<group>"; };
		C6BF72082971E68900ECDE21 /* HomeInteractor.swift */ = {isa = PBXFileReference; lastKnownFileType = sourcecode.swift; path = HomeInteractor.swift; sourceTree = "<group>"; };
		C6BF720A2971E69700ECDE21 /* HomePresenter.swift */ = {isa = PBXFileReference; lastKnownFileType = sourcecode.swift; path = HomePresenter.swift; sourceTree = "<group>"; };
		C6BF720C2971E6A800ECDE21 /* HomeRouter.swift */ = {isa = PBXFileReference; lastKnownFileType = sourcecode.swift; path = HomeRouter.swift; sourceTree = "<group>"; };
		C6BF72142971E7ED00ECDE21 /* Banner.swift */ = {isa = PBXFileReference; lastKnownFileType = sourcecode.swift; path = Banner.swift; sourceTree = "<group>"; };
		C6BF72192971E88D00ECDE21 /* HomeContent.swift */ = {isa = PBXFileReference; lastKnownFileType = sourcecode.swift; path = HomeContent.swift; sourceTree = "<group>"; };
		C6BF721D2971EB7F00ECDE21 /* HomeModels.swift */ = {isa = PBXFileReference; lastKnownFileType = sourcecode.swift; path = HomeModels.swift; sourceTree = "<group>"; };
		C6BF72222971FCDC00ECDE21 /* BannerGalleryCell.swift */ = {isa = PBXFileReference; lastKnownFileType = sourcecode.swift; path = BannerGalleryCell.swift; sourceTree = "<group>"; };
		C6BF72242977117900ECDE21 /* HomeWorker.swift */ = {isa = PBXFileReference; lastKnownFileType = sourcecode.swift; path = HomeWorker.swift; sourceTree = "<group>"; };
		C6BF7228297711FC00ECDE21 /* Networking.swift */ = {isa = PBXFileReference; lastKnownFileType = sourcecode.swift; path = Networking.swift; sourceTree = "<group>"; };
		C6BF722A2977144300ECDE21 /* HTTPMethod.swift */ = {isa = PBXFileReference; lastKnownFileType = sourcecode.swift; path = HTTPMethod.swift; sourceTree = "<group>"; };
		C6BF722C2977161C00ECDE21 /* Encoder.swift */ = {isa = PBXFileReference; lastKnownFileType = sourcecode.swift; path = Encoder.swift; sourceTree = "<group>"; };
		C6BF72312977655400ECDE21 /* RectangleBannerCell.xib */ = {isa = PBXFileReference; lastKnownFileType = file.xib; path = RectangleBannerCell.xib; sourceTree = "<group>"; };
		C6BF72332977656200ECDE21 /* RectangleBannerCell.swift */ = {isa = PBXFileReference; lastKnownFileType = sourcecode.swift; path = RectangleBannerCell.swift; sourceTree = "<group>"; };
		E693F95807EE9D906DC99286 /* Pods-DigioTestTests.debug.xcconfig */ = {isa = PBXFileReference; includeInIndex = 1; lastKnownFileType = text.xcconfig; name = "Pods-DigioTestTests.debug.xcconfig"; path = "Target Support Files/Pods-DigioTestTests/Pods-DigioTestTests.debug.xcconfig"; sourceTree = "<group>"; };
		FAF3453744E3E8108FC3CA78 /* Pods_DigioTestTests.framework */ = {isa = PBXFileReference; explicitFileType = wrapper.framework; includeInIndex = 0; path = Pods_DigioTestTests.framework; sourceTree = BUILT_PRODUCTS_DIR; };
/* End PBXFileReference section */

/* Begin PBXFrameworksBuildPhase section */
		C6BF71CD2971E1DC00ECDE21 /* Frameworks */ = {
			isa = PBXFrameworksBuildPhase;
			buildActionMask = 2147483647;
			files = (
				7060721934167CFE80F139A5 /* Pods_DigioTest.framework in Frameworks */,
			);
			runOnlyForDeploymentPostprocessing = 0;
		};
		C6BF71E32971E1DD00ECDE21 /* Frameworks */ = {
			isa = PBXFrameworksBuildPhase;
			buildActionMask = 2147483647;
			files = (
				0686FD1C567400917E2045F4 /* Pods_DigioTestTests.framework in Frameworks */,
			);
			runOnlyForDeploymentPostprocessing = 0;
		};
		C6BF71ED2971E1DD00ECDE21 /* Frameworks */ = {
			isa = PBXFrameworksBuildPhase;
			buildActionMask = 2147483647;
			files = (
				3026CE111056B50E4BF04E2D /* Pods_DigioTest_DigioTestUITests.framework in Frameworks */,
			);
			runOnlyForDeploymentPostprocessing = 0;
		};
/* End PBXFrameworksBuildPhase section */

/* Begin PBXGroup section */
		A8913958AAC70F2038225334 /* Frameworks */ = {
			isa = PBXGroup;
			children = (
				8BEA08DE29EE5038859267B6 /* Pods_DigioTest.framework */,
				8D77DCC1F52DD7FE0AA14B72 /* Pods_DigioTest_DigioTestUITests.framework */,
				FAF3453744E3E8108FC3CA78 /* Pods_DigioTestTests.framework */,
			);
			name = Frameworks;
			sourceTree = "<group>";
		};
		C68BD29B2977754000ADF757 /* API */ = {
			isa = PBXGroup;
			children = (
				C68BD29D297775F300ADF757 /* Requests */,
				C68BD29C2977755600ADF757 /* Base */,
			);
			name = API;
			sourceTree = "<group>";
		};
		C68BD29C2977755600ADF757 /* Base */ = {
			isa = PBXGroup;
			children = (
				C6BF7228297711FC00ECDE21 /* Networking.swift */,
				C6BF722A2977144300ECDE21 /* HTTPMethod.swift */,
				C6BF722C2977161C00ECDE21 /* Encoder.swift */,
			);
			name = Base;
			sourceTree = "<group>";
		};
		C68BD29D297775F300ADF757 /* Requests */ = {
			isa = PBXGroup;
			children = (
				C68BD29E2977760400ADF757 /* Home.swift */,
				C68BD2A02977768B00ADF757 /* Common.swift */,
			);
			name = Requests;
			sourceTree = "<group>";
		};
		C68BD2A22977769700ADF757 /* Utils */ = {
			isa = PBXGroup;
			children = (
				C68BD2A3297776BE00ADF757 /* ImageLoader.swift */,
			);
			path = Utils;
			sourceTree = "<group>";
		};
		C6BF71C72971E1DC00ECDE21 = {
			isa = PBXGroup;
			children = (
				C6BF71D22971E1DC00ECDE21 /* DigioTest */,
				C6BF71E92971E1DD00ECDE21 /* DigioTestTests */,
				C6BF71F32971E1DD00ECDE21 /* DigioTestUITests */,
				C6BF71D12971E1DC00ECDE21 /* Products */,
				CAF76BDA702689AD31BBA329 /* Pods */,
				A8913958AAC70F2038225334 /* Frameworks */,
			);
			sourceTree = "<group>";
		};
		C6BF71D12971E1DC00ECDE21 /* Products */ = {
			isa = PBXGroup;
			children = (
				C6BF71D02971E1DC00ECDE21 /* DigioTest.app */,
				C6BF71E62971E1DD00ECDE21 /* DigioTestTests.xctest */,
				C6BF71F02971E1DD00ECDE21 /* DigioTestUITests.xctest */,
			);
			name = Products;
			sourceTree = "<group>";
		};
		C6BF71D22971E1DC00ECDE21 /* DigioTest */ = {
			isa = PBXGroup;
			children = (
				C68BD2A22977769700ADF757 /* Utils */,
				C68BD29B2977754000ADF757 /* API */,
				C6BF721F2971FC7B00ECDE21 /* Views */,
				C6BF72132971E7CB00ECDE21 /* Models */,
				C6BF72072971E56F00ECDE21 /* Resources */,
				C6BF72062971E55B00ECDE21 /* Configs */,
				C6BF72032971E53C00ECDE21 /* Modules */,
				C6BF71D32971E1DC00ECDE21 /* AppDelegate.swift */,
				C6BF71DE2971E1DD00ECDE21 /* LaunchScreen.storyboard */,
			);
			path = DigioTest;
			sourceTree = "<group>";
		};
		C6BF71E92971E1DD00ECDE21 /* DigioTestTests */ = {
			isa = PBXGroup;
			children = (
				C6BF71EA2971E1DD00ECDE21 /* DigioTestTests.swift */,
			);
			path = DigioTestTests;
			sourceTree = "<group>";
		};
		C6BF71F32971E1DD00ECDE21 /* DigioTestUITests */ = {
			isa = PBXGroup;
			children = (
				C6BF71F42971E1DD00ECDE21 /* DigioTestUITests.swift */,
				C6BF71F62971E1DD00ECDE21 /* DigioTestUITestsLaunchTests.swift */,
			);
			path = DigioTestUITests;
			sourceTree = "<group>";
		};
		C6BF72032971E53C00ECDE21 /* Modules */ = {
			isa = PBXGroup;
			children = (
				C6BF72052971E54A00ECDE21 /* ProductDetails */,
				C6BF72042971E54300ECDE21 /* Home */,
			);
			path = Modules;
			sourceTree = "<group>";
		};
		C6BF72042971E54300ECDE21 /* Home */ = {
			isa = PBXGroup;
			children = (
				C6BF71D72971E1DC00ECDE21 /* HomeViewController.swift */,
				C6BF71D92971E1DC00ECDE21 /* Home.storyboard */,
				C6BF72082971E68900ECDE21 /* HomeInteractor.swift */,
				C6BF720A2971E69700ECDE21 /* HomePresenter.swift */,
				C6BF720C2971E6A800ECDE21 /* HomeRouter.swift */,
				C6BF721D2971EB7F00ECDE21 /* HomeModels.swift */,
				C6BF72242977117900ECDE21 /* HomeWorker.swift */,
			);
			path = Home;
			sourceTree = "<group>";
		};
		C6BF72052971E54A00ECDE21 /* ProductDetails */ = {
			isa = PBXGroup;
			children = (
			);
			path = ProductDetails;
			sourceTree = "<group>";
		};
		C6BF72062971E55B00ECDE21 /* Configs */ = {
			isa = PBXGroup;
			children = (
				C6BF71E12971E1DD00ECDE21 /* Info.plist */,
			);
			path = Configs;
			sourceTree = "<group>";
		};
		C6BF72072971E56F00ECDE21 /* Resources */ = {
			isa = PBXGroup;
			children = (
				C6BF71DC2971E1DD00ECDE21 /* Assets.xcassets */,
			);
			path = Resources;
			sourceTree = "<group>";
		};
		C6BF72132971E7CB00ECDE21 /* Models */ = {
			isa = PBXGroup;
			children = (
				C6BF72142971E7ED00ECDE21 /* Banner.swift */,
				C6BF72192971E88D00ECDE21 /* HomeContent.swift */,
			);
			path = Models;
			sourceTree = "<group>";
		};
		C6BF721F2971FC7B00ECDE21 /* Views */ = {
			isa = PBXGroup;
			children = (
				C6BF72302977653300ECDE21 /* SquareBanner */,
				C6BF722F297764FE00ECDE21 /* RectangleBannerCell */,
				C6BF72222971FCDC00ECDE21 /* BannerGalleryCell.swift */,
			);
			path = Views;
			sourceTree = "<group>";
		};
		C6BF722F297764FE00ECDE21 /* RectangleBannerCell */ = {
			isa = PBXGroup;
			children = (
				C6BF72312977655400ECDE21 /* RectangleBannerCell.xib */,
				C6BF72332977656200ECDE21 /* RectangleBannerCell.swift */,
			);
			path = RectangleBannerCell;
			sourceTree = "<group>";
		};
		C6BF72302977653300ECDE21 /* SquareBanner */ = {
			isa = PBXGroup;
			children = (
				C68BD2A529781A1500ADF757 /* SquareBannerCell.xib */,
				C68BD2A629781A1500ADF757 /* SquareBannerCell.swift */,
			);
			path = SquareBanner;
			sourceTree = "<group>";
		};
		CAF76BDA702689AD31BBA329 /* Pods */ = {
			isa = PBXGroup;
			children = (
				872A323C2B208C75D66B3337 /* Pods-DigioTest.debug.xcconfig */,
				BF848E261EC7AFFCE1AEFCD6 /* Pods-DigioTest.release.xcconfig */,
				9DB279AC57C10E8C619428FD /* Pods-DigioTest-DigioTestUITests.debug.xcconfig */,
				5C2056BEA1995B04A96D43FC /* Pods-DigioTest-DigioTestUITests.release.xcconfig */,
				E693F95807EE9D906DC99286 /* Pods-DigioTestTests.debug.xcconfig */,
				442FDAE45E2692CBE7859AA2 /* Pods-DigioTestTests.release.xcconfig */,
			);
			path = Pods;
			sourceTree = "<group>";
		};
/* End PBXGroup section */

/* Begin PBXNativeTarget section */
		C6BF71CF2971E1DC00ECDE21 /* DigioTest */ = {
			isa = PBXNativeTarget;
			buildConfigurationList = C6BF71FA2971E1DD00ECDE21 /* Build configuration list for PBXNativeTarget "DigioTest" */;
			buildPhases = (
				523B7D83F66203615EB030DB /* [CP] Check Pods Manifest.lock */,
				C6BF71CC2971E1DC00ECDE21 /* Sources */,
				C6BF71CD2971E1DC00ECDE21 /* Frameworks */,
				C6BF71CE2971E1DC00ECDE21 /* Resources */,
				C6BF722E297730C000ECDE21 /* Swiftlint */,
			);
			buildRules = (
			);
			dependencies = (
			);
			name = DigioTest;
			productName = DigioTest;
			productReference = C6BF71D02971E1DC00ECDE21 /* DigioTest.app */;
			productType = "com.apple.product-type.application";
		};
		C6BF71E52971E1DD00ECDE21 /* DigioTestTests */ = {
			isa = PBXNativeTarget;
			buildConfigurationList = C6BF71FD2971E1DD00ECDE21 /* Build configuration list for PBXNativeTarget "DigioTestTests" */;
			buildPhases = (
				E2B52ACBAB2DC0890820677E /* [CP] Check Pods Manifest.lock */,
				C6BF71E22971E1DD00ECDE21 /* Sources */,
				C6BF71E32971E1DD00ECDE21 /* Frameworks */,
				C6BF71E42971E1DD00ECDE21 /* Resources */,
			);
			buildRules = (
			);
			dependencies = (
				C6BF71E82971E1DD00ECDE21 /* PBXTargetDependency */,
			);
			name = DigioTestTests;
			productName = DigioTestTests;
			productReference = C6BF71E62971E1DD00ECDE21 /* DigioTestTests.xctest */;
			productType = "com.apple.product-type.bundle.unit-test";
		};
		C6BF71EF2971E1DD00ECDE21 /* DigioTestUITests */ = {
			isa = PBXNativeTarget;
			buildConfigurationList = C6BF72002971E1DD00ECDE21 /* Build configuration list for PBXNativeTarget "DigioTestUITests" */;
			buildPhases = (
				BCC6C5BA6914C79087EF8AD0 /* [CP] Check Pods Manifest.lock */,
				C6BF71EC2971E1DD00ECDE21 /* Sources */,
				C6BF71ED2971E1DD00ECDE21 /* Frameworks */,
				C6BF71EE2971E1DD00ECDE21 /* Resources */,
			);
			buildRules = (
			);
			dependencies = (
				C6BF71F22971E1DD00ECDE21 /* PBXTargetDependency */,
			);
			name = DigioTestUITests;
			productName = DigioTestUITests;
			productReference = C6BF71F02971E1DD00ECDE21 /* DigioTestUITests.xctest */;
			productType = "com.apple.product-type.bundle.ui-testing";
		};
/* End PBXNativeTarget section */

/* Begin PBXProject section */
		C6BF71C82971E1DC00ECDE21 /* Project object */ = {
			isa = PBXProject;
			attributes = {
				BuildIndependentTargetsInParallel = 1;
				LastSwiftUpdateCheck = 1420;
				LastUpgradeCheck = 1420;
				TargetAttributes = {
					C6BF71CF2971E1DC00ECDE21 = {
						CreatedOnToolsVersion = 14.2;
					};
					C6BF71E52971E1DD00ECDE21 = {
						CreatedOnToolsVersion = 14.2;
						TestTargetID = C6BF71CF2971E1DC00ECDE21;
					};
					C6BF71EF2971E1DD00ECDE21 = {
						CreatedOnToolsVersion = 14.2;
						TestTargetID = C6BF71CF2971E1DC00ECDE21;
					};
				};
			};
			buildConfigurationList = C6BF71CB2971E1DC00ECDE21 /* Build configuration list for PBXProject "DigioTest" */;
			compatibilityVersion = "Xcode 14.0";
			developmentRegion = en;
			hasScannedForEncodings = 0;
			knownRegions = (
				en,
				Base,
			);
			mainGroup = C6BF71C72971E1DC00ECDE21;
			productRefGroup = C6BF71D12971E1DC00ECDE21 /* Products */;
			projectDirPath = "";
			projectRoot = "";
			targets = (
				C6BF71CF2971E1DC00ECDE21 /* DigioTest */,
				C6BF71E52971E1DD00ECDE21 /* DigioTestTests */,
				C6BF71EF2971E1DD00ECDE21 /* DigioTestUITests */,
			);
		};
/* End PBXProject section */

/* Begin PBXResourcesBuildPhase section */
		C6BF71CE2971E1DC00ECDE21 /* Resources */ = {
			isa = PBXResourcesBuildPhase;
			buildActionMask = 2147483647;
			files = (
				C6BF71E02971E1DD00ECDE21 /* LaunchScreen.storyboard in Resources */,
				C6BF71DD2971E1DD00ECDE21 /* Assets.xcassets in Resources */,
				C6BF71DB2971E1DC00ECDE21 /* Home.storyboard in Resources */,
				C68BD2A72978644A00ADF757 /* SquareBannerCell.xib in Resources */,
				C6BF72322977655400ECDE21 /* RectangleBannerCell.xib in Resources */,
			);
			runOnlyForDeploymentPostprocessing = 0;
		};
		C6BF71E42971E1DD00ECDE21 /* Resources */ = {
			isa = PBXResourcesBuildPhase;
			buildActionMask = 2147483647;
			files = (
			);
			runOnlyForDeploymentPostprocessing = 0;
		};
		C6BF71EE2971E1DD00ECDE21 /* Resources */ = {
			isa = PBXResourcesBuildPhase;
			buildActionMask = 2147483647;
			files = (
			);
			runOnlyForDeploymentPostprocessing = 0;
		};
/* End PBXResourcesBuildPhase section */

/* Begin PBXShellScriptBuildPhase section */
		523B7D83F66203615EB030DB /* [CP] Check Pods Manifest.lock */ = {
			isa = PBXShellScriptBuildPhase;
			buildActionMask = 2147483647;
			files = (
			);
			inputFileListPaths = (
			);
			inputPaths = (
				"${PODS_PODFILE_DIR_PATH}/Podfile.lock",
				"${PODS_ROOT}/Manifest.lock",
			);
			name = "[CP] Check Pods Manifest.lock";
			outputFileListPaths = (
			);
			outputPaths = (
				"$(DERIVED_FILE_DIR)/Pods-DigioTest-checkManifestLockResult.txt",
			);
			runOnlyForDeploymentPostprocessing = 0;
			shellPath = /bin/sh;
			shellScript = "diff \"${PODS_PODFILE_DIR_PATH}/Podfile.lock\" \"${PODS_ROOT}/Manifest.lock\" > /dev/null\nif [ $? != 0 ] ; then\n    # print error to STDERR\n    echo \"error: The sandbox is not in sync with the Podfile.lock. Run 'pod install' or update your CocoaPods installation.\" >&2\n    exit 1\nfi\n# This output is used by Xcode 'outputs' to avoid re-running this script phase.\necho \"SUCCESS\" > \"${SCRIPT_OUTPUT_FILE_0}\"\n";
			showEnvVarsInLog = 0;
		};
		BCC6C5BA6914C79087EF8AD0 /* [CP] Check Pods Manifest.lock */ = {
			isa = PBXShellScriptBuildPhase;
			buildActionMask = 2147483647;
			files = (
			);
			inputFileListPaths = (
			);
			inputPaths = (
				"${PODS_PODFILE_DIR_PATH}/Podfile.lock",
				"${PODS_ROOT}/Manifest.lock",
			);
			name = "[CP] Check Pods Manifest.lock";
			outputFileListPaths = (
			);
			outputPaths = (
				"$(DERIVED_FILE_DIR)/Pods-DigioTest-DigioTestUITests-checkManifestLockResult.txt",
			);
			runOnlyForDeploymentPostprocessing = 0;
			shellPath = /bin/sh;
			shellScript = "diff \"${PODS_PODFILE_DIR_PATH}/Podfile.lock\" \"${PODS_ROOT}/Manifest.lock\" > /dev/null\nif [ $? != 0 ] ; then\n    # print error to STDERR\n    echo \"error: The sandbox is not in sync with the Podfile.lock. Run 'pod install' or update your CocoaPods installation.\" >&2\n    exit 1\nfi\n# This output is used by Xcode 'outputs' to avoid re-running this script phase.\necho \"SUCCESS\" > \"${SCRIPT_OUTPUT_FILE_0}\"\n";
			showEnvVarsInLog = 0;
		};
		C6BF722E297730C000ECDE21 /* Swiftlint */ = {
			isa = PBXShellScriptBuildPhase;
			buildActionMask = 2147483647;
			files = (
			);
			inputFileListPaths = (
			);
			inputPaths = (
			);
			name = Swiftlint;
			outputFileListPaths = (
			);
			outputPaths = (
			);
			runOnlyForDeploymentPostprocessing = 0;
			shellPath = /bin/sh;
			shellScript = "# Type a script or drag a script file from your workspace to insert its path.\n\"${PODS_ROOT}/SwiftLint/swiftlint\"\n";
		};
		E2B52ACBAB2DC0890820677E /* [CP] Check Pods Manifest.lock */ = {
			isa = PBXShellScriptBuildPhase;
			buildActionMask = 2147483647;
			files = (
			);
			inputFileListPaths = (
			);
			inputPaths = (
				"${PODS_PODFILE_DIR_PATH}/Podfile.lock",
				"${PODS_ROOT}/Manifest.lock",
			);
			name = "[CP] Check Pods Manifest.lock";
			outputFileListPaths = (
			);
			outputPaths = (
				"$(DERIVED_FILE_DIR)/Pods-DigioTestTests-checkManifestLockResult.txt",
			);
			runOnlyForDeploymentPostprocessing = 0;
			shellPath = /bin/sh;
			shellScript = "diff \"${PODS_PODFILE_DIR_PATH}/Podfile.lock\" \"${PODS_ROOT}/Manifest.lock\" > /dev/null\nif [ $? != 0 ] ; then\n    # print error to STDERR\n    echo \"error: The sandbox is not in sync with the Podfile.lock. Run 'pod install' or update your CocoaPods installation.\" >&2\n    exit 1\nfi\n# This output is used by Xcode 'outputs' to avoid re-running this script phase.\necho \"SUCCESS\" > \"${SCRIPT_OUTPUT_FILE_0}\"\n";
			showEnvVarsInLog = 0;
		};
/* End PBXShellScriptBuildPhase section */

/* Begin PBXSourcesBuildPhase section */
		C6BF71CC2971E1DC00ECDE21 /* Sources */ = {
			isa = PBXSourcesBuildPhase;
			buildActionMask = 2147483647;
			files = (
				C68BD2A12977768B00ADF757 /* Common.swift in Sources */,
				C6BF721A2971E88D00ECDE21 /* HomeContent.swift in Sources */,
				C6BF721E2971EB7F00ECDE21 /* HomeModels.swift in Sources */,
				C6BF722D2977161C00ECDE21 /* Encoder.swift in Sources */,
				C6BF72342977656200ECDE21 /* RectangleBannerCell.swift in Sources */,
				C6BF72152971E7ED00ECDE21 /* Banner.swift in Sources */,
				C6BF7229297711FC00ECDE21 /* Networking.swift in Sources */,
				C6BF72092971E68900ECDE21 /* HomeInteractor.swift in Sources */,
				C68BD2A82978644A00ADF757 /* SquareBannerCell.swift in Sources */,
				C68BD29F2977760400ADF757 /* Home.swift in Sources */,
				C6BF72252977117900ECDE21 /* HomeWorker.swift in Sources */,
				C6BF72232971FCDC00ECDE21 /* BannerGalleryCell.swift in Sources */,
				C68BD2A4297776BE00ADF757 /* ImageLoader.swift in Sources */,
				C6BF71D82971E1DC00ECDE21 /* HomeViewController.swift in Sources */,
				C6BF71D42971E1DC00ECDE21 /* AppDelegate.swift in Sources */,
				C6BF720B2971E69700ECDE21 /* HomePresenter.swift in Sources */,
				C6BF722B2977144300ECDE21 /* HTTPMethod.swift in Sources */,
				C6BF720D2971E6A800ECDE21 /* HomeRouter.swift in Sources */,
			);
			runOnlyForDeploymentPostprocessing = 0;
		};
		C6BF71E22971E1DD00ECDE21 /* Sources */ = {
			isa = PBXSourcesBuildPhase;
			buildActionMask = 2147483647;
			files = (
				C6BF71EB2971E1DD00ECDE21 /* DigioTestTests.swift in Sources */,
			);
			runOnlyForDeploymentPostprocessing = 0;
		};
		C6BF71EC2971E1DD00ECDE21 /* Sources */ = {
			isa = PBXSourcesBuildPhase;
			buildActionMask = 2147483647;
			files = (
				C6BF71F52971E1DD00ECDE21 /* DigioTestUITests.swift in Sources */,
				C6BF71F72971E1DD00ECDE21 /* DigioTestUITestsLaunchTests.swift in Sources */,
			);
			runOnlyForDeploymentPostprocessing = 0;
		};
/* End PBXSourcesBuildPhase section */

/* Begin PBXTargetDependency section */
		C6BF71E82971E1DD00ECDE21 /* PBXTargetDependency */ = {
			isa = PBXTargetDependency;
			target = C6BF71CF2971E1DC00ECDE21 /* DigioTest */;
			targetProxy = C6BF71E72971E1DD00ECDE21 /* PBXContainerItemProxy */;
		};
		C6BF71F22971E1DD00ECDE21 /* PBXTargetDependency */ = {
			isa = PBXTargetDependency;
			target = C6BF71CF2971E1DC00ECDE21 /* DigioTest */;
			targetProxy = C6BF71F12971E1DD00ECDE21 /* PBXContainerItemProxy */;
		};
/* End PBXTargetDependency section */

/* Begin PBXVariantGroup section */
		C6BF71D92971E1DC00ECDE21 /* Home.storyboard */ = {
			isa = PBXVariantGroup;
			children = (
				C6BF71DA2971E1DC00ECDE21 /* Base */,
			);
			name = Home.storyboard;
			sourceTree = "<group>";
		};
		C6BF71DE2971E1DD00ECDE21 /* LaunchScreen.storyboard */ = {
			isa = PBXVariantGroup;
			children = (
				C6BF71DF2971E1DD00ECDE21 /* Base */,
			);
			name = LaunchScreen.storyboard;
			sourceTree = "<group>";
		};
/* End PBXVariantGroup section */

/* Begin XCBuildConfiguration section */
		C6BF71F82971E1DD00ECDE21 /* Debug */ = {
			isa = XCBuildConfiguration;
			buildSettings = {
				ALWAYS_SEARCH_USER_PATHS = NO;
				CLANG_ANALYZER_NONNULL = YES;
				CLANG_ANALYZER_NUMBER_OBJECT_CONVERSION = YES_AGGRESSIVE;
				CLANG_CXX_LANGUAGE_STANDARD = "gnu++20";
				CLANG_ENABLE_MODULES = YES;
				CLANG_ENABLE_OBJC_ARC = YES;
				CLANG_ENABLE_OBJC_WEAK = YES;
				CLANG_WARN_BLOCK_CAPTURE_AUTORELEASING = YES;
				CLANG_WARN_BOOL_CONVERSION = YES;
				CLANG_WARN_COMMA = YES;
				CLANG_WARN_CONSTANT_CONVERSION = YES;
				CLANG_WARN_DEPRECATED_OBJC_IMPLEMENTATIONS = YES;
				CLANG_WARN_DIRECT_OBJC_ISA_USAGE = YES_ERROR;
				CLANG_WARN_DOCUMENTATION_COMMENTS = YES;
				CLANG_WARN_EMPTY_BODY = YES;
				CLANG_WARN_ENUM_CONVERSION = YES;
				CLANG_WARN_INFINITE_RECURSION = YES;
				CLANG_WARN_INT_CONVERSION = YES;
				CLANG_WARN_NON_LITERAL_NULL_CONVERSION = YES;
				CLANG_WARN_OBJC_IMPLICIT_RETAIN_SELF = YES;
				CLANG_WARN_OBJC_LITERAL_CONVERSION = YES;
				CLANG_WARN_OBJC_ROOT_CLASS = YES_ERROR;
				CLANG_WARN_QUOTED_INCLUDE_IN_FRAMEWORK_HEADER = YES;
				CLANG_WARN_RANGE_LOOP_ANALYSIS = YES;
				CLANG_WARN_STRICT_PROTOTYPES = YES;
				CLANG_WARN_SUSPICIOUS_MOVE = YES;
				CLANG_WARN_UNGUARDED_AVAILABILITY = YES_AGGRESSIVE;
				CLANG_WARN_UNREACHABLE_CODE = YES;
				CLANG_WARN__DUPLICATE_METHOD_MATCH = YES;
				COPY_PHASE_STRIP = NO;
				DEBUG_INFORMATION_FORMAT = dwarf;
				EAGER_LINKING = YES;
				ENABLE_STRICT_OBJC_MSGSEND = YES;
				ENABLE_TESTABILITY = YES;
				GCC_C_LANGUAGE_STANDARD = gnu11;
				GCC_DYNAMIC_NO_PIC = NO;
				GCC_NO_COMMON_BLOCKS = YES;
				GCC_OPTIMIZATION_LEVEL = 0;
				GCC_PREPROCESSOR_DEFINITIONS = (
					"DEBUG=1",
					"$(inherited)",
				);
				GCC_WARN_64_TO_32_BIT_CONVERSION = YES;
				GCC_WARN_ABOUT_RETURN_TYPE = YES_ERROR;
				GCC_WARN_UNDECLARED_SELECTOR = YES;
				GCC_WARN_UNINITIALIZED_AUTOS = YES_AGGRESSIVE;
				GCC_WARN_UNUSED_FUNCTION = YES;
				GCC_WARN_UNUSED_VARIABLE = YES;
				"INFOPLIST_KEY_UIMainStoryboardFile[sdk=*]" = LaunchScreen;
				IPHONEOS_DEPLOYMENT_TARGET = 12.0;
				MTL_ENABLE_DEBUG_INFO = INCLUDE_SOURCE;
				MTL_FAST_MATH = YES;
				ONLY_ACTIVE_ARCH = YES;
				SDKROOT = iphoneos;
				SWIFT_ACTIVE_COMPILATION_CONDITIONS = DEBUG;
				SWIFT_OPTIMIZATION_LEVEL = "-Onone";
			};
			name = Debug;
		};
		C6BF71F92971E1DD00ECDE21 /* Release */ = {
			isa = XCBuildConfiguration;
			buildSettings = {
				ALWAYS_SEARCH_USER_PATHS = NO;
				CLANG_ANALYZER_NONNULL = YES;
				CLANG_ANALYZER_NUMBER_OBJECT_CONVERSION = YES_AGGRESSIVE;
				CLANG_CXX_LANGUAGE_STANDARD = "gnu++20";
				CLANG_ENABLE_MODULES = YES;
				CLANG_ENABLE_OBJC_ARC = YES;
				CLANG_ENABLE_OBJC_WEAK = YES;
				CLANG_WARN_BLOCK_CAPTURE_AUTORELEASING = YES;
				CLANG_WARN_BOOL_CONVERSION = YES;
				CLANG_WARN_COMMA = YES;
				CLANG_WARN_CONSTANT_CONVERSION = YES;
				CLANG_WARN_DEPRECATED_OBJC_IMPLEMENTATIONS = YES;
				CLANG_WARN_DIRECT_OBJC_ISA_USAGE = YES_ERROR;
				CLANG_WARN_DOCUMENTATION_COMMENTS = YES;
				CLANG_WARN_EMPTY_BODY = YES;
				CLANG_WARN_ENUM_CONVERSION = YES;
				CLANG_WARN_INFINITE_RECURSION = YES;
				CLANG_WARN_INT_CONVERSION = YES;
				CLANG_WARN_NON_LITERAL_NULL_CONVERSION = YES;
				CLANG_WARN_OBJC_IMPLICIT_RETAIN_SELF = YES;
				CLANG_WARN_OBJC_LITERAL_CONVERSION = YES;
				CLANG_WARN_OBJC_ROOT_CLASS = YES_ERROR;
				CLANG_WARN_QUOTED_INCLUDE_IN_FRAMEWORK_HEADER = YES;
				CLANG_WARN_RANGE_LOOP_ANALYSIS = YES;
				CLANG_WARN_STRICT_PROTOTYPES = YES;
				CLANG_WARN_SUSPICIOUS_MOVE = YES;
				CLANG_WARN_UNGUARDED_AVAILABILITY = YES_AGGRESSIVE;
				CLANG_WARN_UNREACHABLE_CODE = YES;
				CLANG_WARN__DUPLICATE_METHOD_MATCH = YES;
				COPY_PHASE_STRIP = NO;
				DEBUG_INFORMATION_FORMAT = "dwarf-with-dsym";
				EAGER_LINKING = YES;
				ENABLE_NS_ASSERTIONS = NO;
				ENABLE_STRICT_OBJC_MSGSEND = YES;
				GCC_C_LANGUAGE_STANDARD = gnu11;
				GCC_NO_COMMON_BLOCKS = YES;
				GCC_WARN_64_TO_32_BIT_CONVERSION = YES;
				GCC_WARN_ABOUT_RETURN_TYPE = YES_ERROR;
				GCC_WARN_UNDECLARED_SELECTOR = YES;
				GCC_WARN_UNINITIALIZED_AUTOS = YES_AGGRESSIVE;
				GCC_WARN_UNUSED_FUNCTION = YES;
				GCC_WARN_UNUSED_VARIABLE = YES;
				INFOPLIST_KEY_UIMainStoryboardFile = LaunchScreen;
				IPHONEOS_DEPLOYMENT_TARGET = 12.0;
				MTL_ENABLE_DEBUG_INFO = NO;
				MTL_FAST_MATH = YES;
				SDKROOT = iphoneos;
				SWIFT_COMPILATION_MODE = wholemodule;
				SWIFT_OPTIMIZATION_LEVEL = "-O";
				VALIDATE_PRODUCT = YES;
			};
			name = Release;
		};
		C6BF71FB2971E1DD00ECDE21 /* Debug */ = {
			isa = XCBuildConfiguration;
			baseConfigurationReference = 872A323C2B208C75D66B3337 /* Pods-DigioTest.debug.xcconfig */;
			buildSettings = {
				ASSETCATALOG_COMPILER_APPICON_NAME = AppIcon;
				ASSETCATALOG_COMPILER_GLOBAL_ACCENT_COLOR_NAME = AccentColor;
				CODE_SIGN_STYLE = Automatic;
				CURRENT_PROJECT_VERSION = 1;
				DEVELOPMENT_TEAM = V57FSU38NH;
				GENERATE_INFOPLIST_FILE = YES;
				INFOPLIST_FILE = DigioTest/Info.plist;
				INFOPLIST_KEY_UIApplicationSupportsIndirectInputEvents = YES;
				INFOPLIST_KEY_UILaunchStoryboardName = LaunchScreen.storyboard;
				INFOPLIST_KEY_UIMainStoryboardFile = LaunchScreen;
				INFOPLIST_KEY_UISupportedInterfaceOrientations_iPad = "UIInterfaceOrientationPortrait UIInterfaceOrientationPortraitUpsideDown UIInterfaceOrientationLandscapeLeft UIInterfaceOrientationLandscapeRight";
				INFOPLIST_KEY_UISupportedInterfaceOrientations_iPhone = "UIInterfaceOrientationPortrait UIInterfaceOrientationLandscapeLeft UIInterfaceOrientationLandscapeRight";
				IPHONEOS_DEPLOYMENT_TARGET = 12.0;
				LD_RUNPATH_SEARCH_PATHS = (
					"$(inherited)",
					"@executable_path/Frameworks",
				);
				MARKETING_VERSION = 1.0;
				PRODUCT_BUNDLE_IDENTIFIER = com.pedro.freddi.DigioTest;
				PRODUCT_NAME = "$(TARGET_NAME)";
				SUPPORTED_PLATFORMS = "iphoneos iphonesimulator";
				SUPPORTS_MACCATALYST = NO;
				SUPPORTS_MAC_DESIGNED_FOR_IPHONE_IPAD = NO;
				SWIFT_EMIT_LOC_STRINGS = YES;
				SWIFT_VERSION = 5.0;
				TARGETED_DEVICE_FAMILY = 1;
			};
			name = Debug;
		};
		C6BF71FC2971E1DD00ECDE21 /* Release */ = {
			isa = XCBuildConfiguration;
			baseConfigurationReference = BF848E261EC7AFFCE1AEFCD6 /* Pods-DigioTest.release.xcconfig */;
			buildSettings = {
				ASSETCATALOG_COMPILER_APPICON_NAME = AppIcon;
				ASSETCATALOG_COMPILER_GLOBAL_ACCENT_COLOR_NAME = AccentColor;
				CODE_SIGN_STYLE = Automatic;
				CURRENT_PROJECT_VERSION = 1;
				DEVELOPMENT_TEAM = V57FSU38NH;
				GENERATE_INFOPLIST_FILE = YES;
				INFOPLIST_FILE = DigioTest/Info.plist;
				INFOPLIST_KEY_UIApplicationSupportsIndirectInputEvents = YES;
				INFOPLIST_KEY_UILaunchStoryboardName = LaunchScreen.storyboard;
				INFOPLIST_KEY_UIMainStoryboardFile = LaunchScreen;
				INFOPLIST_KEY_UISupportedInterfaceOrientations_iPad = "UIInterfaceOrientationPortrait UIInterfaceOrientationPortraitUpsideDown UIInterfaceOrientationLandscapeLeft UIInterfaceOrientationLandscapeRight";
				INFOPLIST_KEY_UISupportedInterfaceOrientations_iPhone = "UIInterfaceOrientationPortrait UIInterfaceOrientationLandscapeLeft UIInterfaceOrientationLandscapeRight";
				IPHONEOS_DEPLOYMENT_TARGET = 12.0;
				LD_RUNPATH_SEARCH_PATHS = (
					"$(inherited)",
					"@executable_path/Frameworks",
				);
				MARKETING_VERSION = 1.0;
				PRODUCT_BUNDLE_IDENTIFIER = com.pedro.freddi.DigioTest;
				PRODUCT_NAME = "$(TARGET_NAME)";
				SUPPORTED_PLATFORMS = "iphoneos iphonesimulator";
				SUPPORTS_MACCATALYST = NO;
				SUPPORTS_MAC_DESIGNED_FOR_IPHONE_IPAD = NO;
				SWIFT_EMIT_LOC_STRINGS = YES;
				SWIFT_VERSION = 5.0;
				TARGETED_DEVICE_FAMILY = 1;
			};
			name = Release;
		};
		C6BF71FE2971E1DD00ECDE21 /* Debug */ = {
			isa = XCBuildConfiguration;
			baseConfigurationReference = E693F95807EE9D906DC99286 /* Pods-DigioTestTests.debug.xcconfig */;
			buildSettings = {
				ALWAYS_EMBED_SWIFT_STANDARD_LIBRARIES = YES;
				BUNDLE_LOADER = "$(TEST_HOST)";
				CODE_SIGN_STYLE = Automatic;
				CURRENT_PROJECT_VERSION = 1;
				DEVELOPMENT_TEAM = V57FSU38NH;
				GENERATE_INFOPLIST_FILE = YES;
				IPHONEOS_DEPLOYMENT_TARGET = 12.0;
				MARKETING_VERSION = 1.0;
				PRODUCT_BUNDLE_IDENTIFIER = com.pedro.freddi.DigioTestTests;
				PRODUCT_NAME = "$(TARGET_NAME)";
				SUPPORTED_PLATFORMS = "iphoneos iphonesimulator";
				SUPPORTS_MACCATALYST = NO;
				SUPPORTS_MAC_DESIGNED_FOR_IPHONE_IPAD = NO;
				SWIFT_EMIT_LOC_STRINGS = NO;
				SWIFT_VERSION = 5.0;
				TARGETED_DEVICE_FAMILY = 1;
				TEST_HOST = "$(BUILT_PRODUCTS_DIR)/DigioTest.app/$(BUNDLE_EXECUTABLE_FOLDER_PATH)/DigioTest";
			};
			name = Debug;
		};
		C6BF71FF2971E1DD00ECDE21 /* Release */ = {
			isa = XCBuildConfiguration;
			baseConfigurationReference = 442FDAE45E2692CBE7859AA2 /* Pods-DigioTestTests.release.xcconfig */;
			buildSettings = {
				ALWAYS_EMBED_SWIFT_STANDARD_LIBRARIES = YES;
				BUNDLE_LOADER = "$(TEST_HOST)";
				CODE_SIGN_STYLE = Automatic;
				CURRENT_PROJECT_VERSION = 1;
				DEVELOPMENT_TEAM = V57FSU38NH;
				GENERATE_INFOPLIST_FILE = YES;
				IPHONEOS_DEPLOYMENT_TARGET = 12.0;
				MARKETING_VERSION = 1.0;
				PRODUCT_BUNDLE_IDENTIFIER = com.pedro.freddi.DigioTestTests;
				PRODUCT_NAME = "$(TARGET_NAME)";
				SUPPORTED_PLATFORMS = "iphoneos iphonesimulator";
				SUPPORTS_MACCATALYST = NO;
				SUPPORTS_MAC_DESIGNED_FOR_IPHONE_IPAD = NO;
				SWIFT_EMIT_LOC_STRINGS = NO;
				SWIFT_VERSION = 5.0;
				TARGETED_DEVICE_FAMILY = 1;
				TEST_HOST = "$(BUILT_PRODUCTS_DIR)/DigioTest.app/$(BUNDLE_EXECUTABLE_FOLDER_PATH)/DigioTest";
			};
			name = Release;
		};
		C6BF72012971E1DD00ECDE21 /* Debug */ = {
			isa = XCBuildConfiguration;
			baseConfigurationReference = 9DB279AC57C10E8C619428FD /* Pods-DigioTest-DigioTestUITests.debug.xcconfig */;
			buildSettings = {
				ALWAYS_EMBED_SWIFT_STANDARD_LIBRARIES = YES;
				CODE_SIGN_STYLE = Automatic;
				CURRENT_PROJECT_VERSION = 1;
				DEVELOPMENT_TEAM = V57FSU38NH;
				GENERATE_INFOPLIST_FILE = YES;
				IPHONEOS_DEPLOYMENT_TARGET = 12.0;
				MARKETING_VERSION = 1.0;
				PRODUCT_BUNDLE_IDENTIFIER = com.pedro.freddi.DigioTestUITests;
				PRODUCT_NAME = "$(TARGET_NAME)";
				SUPPORTED_PLATFORMS = "iphoneos iphonesimulator";
				SUPPORTS_MACCATALYST = NO;
				SUPPORTS_MAC_DESIGNED_FOR_IPHONE_IPAD = NO;
				SWIFT_EMIT_LOC_STRINGS = NO;
				SWIFT_VERSION = 5.0;
				TARGETED_DEVICE_FAMILY = 1;
				TEST_TARGET_NAME = DigioTest;
			};
			name = Debug;
		};
		C6BF72022971E1DD00ECDE21 /* Release */ = {
			isa = XCBuildConfiguration;
			baseConfigurationReference = 5C2056BEA1995B04A96D43FC /* Pods-DigioTest-DigioTestUITests.release.xcconfig */;
			buildSettings = {
				ALWAYS_EMBED_SWIFT_STANDARD_LIBRARIES = YES;
				CODE_SIGN_STYLE = Automatic;
				CURRENT_PROJECT_VERSION = 1;
				DEVELOPMENT_TEAM = V57FSU38NH;
				GENERATE_INFOPLIST_FILE = YES;
				IPHONEOS_DEPLOYMENT_TARGET = 12.0;
				MARKETING_VERSION = 1.0;
				PRODUCT_BUNDLE_IDENTIFIER = com.pedro.freddi.DigioTestUITests;
				PRODUCT_NAME = "$(TARGET_NAME)";
				SUPPORTED_PLATFORMS = "iphoneos iphonesimulator";
				SUPPORTS_MACCATALYST = NO;
				SUPPORTS_MAC_DESIGNED_FOR_IPHONE_IPAD = NO;
				SWIFT_EMIT_LOC_STRINGS = NO;
				SWIFT_VERSION = 5.0;
				TARGETED_DEVICE_FAMILY = 1;
				TEST_TARGET_NAME = DigioTest;
			};
			name = Release;
		};
/* End XCBuildConfiguration section */

/* Begin XCConfigurationList section */
		C6BF71CB2971E1DC00ECDE21 /* Build configuration list for PBXProject "DigioTest" */ = {
			isa = XCConfigurationList;
			buildConfigurations = (
				C6BF71F82971E1DD00ECDE21 /* Debug */,
				C6BF71F92971E1DD00ECDE21 /* Release */,
			);
			defaultConfigurationIsVisible = 0;
			defaultConfigurationName = Release;
		};
		C6BF71FA2971E1DD00ECDE21 /* Build configuration list for PBXNativeTarget "DigioTest" */ = {
			isa = XCConfigurationList;
			buildConfigurations = (
				C6BF71FB2971E1DD00ECDE21 /* Debug */,
				C6BF71FC2971E1DD00ECDE21 /* Release */,
			);
			defaultConfigurationIsVisible = 0;
			defaultConfigurationName = Release;
		};
		C6BF71FD2971E1DD00ECDE21 /* Build configuration list for PBXNativeTarget "DigioTestTests" */ = {
			isa = XCConfigurationList;
			buildConfigurations = (
				C6BF71FE2971E1DD00ECDE21 /* Debug */,
				C6BF71FF2971E1DD00ECDE21 /* Release */,
			);
			defaultConfigurationIsVisible = 0;
			defaultConfigurationName = Release;
		};
		C6BF72002971E1DD00ECDE21 /* Build configuration list for PBXNativeTarget "DigioTestUITests" */ = {
			isa = XCConfigurationList;
			buildConfigurations = (
				C6BF72012971E1DD00ECDE21 /* Debug */,
				C6BF72022971E1DD00ECDE21 /* Release */,
			);
			defaultConfigurationIsVisible = 0;
			defaultConfigurationName = Release;
		};
/* End XCConfigurationList section */
	};
	rootObject = C6BF71C82971E1DC00ECDE21 /* Project object */;
}
